
Microsoft Visual Studio Solution File, Format Version 12.00
# Visual Studio Version 16
VisualStudioVersion = 16.0.30002.166
MinimumVisualStudioVersion = 10.0.40219.1
Project("{FAE04EC0-301F-11D3-BF4B-00C04F79EFBC}") = "Facturacion Tostatronic", "Facturacion Tostatronic\Facturacion Tostatronic.csproj", "{1784FB82-8CDC-478C-BEC7-9D3499F98E75}"
EndProject
Project("{54435603-DBB4-11D2-8724-00A0C9A8B90C}") = "FacturacionSetUp", "FacturacionSetUp\FacturacionSetUp.vdproj", "{24376A10-07A4-4AC4-B866-B115D31D8C2C}"
EndProject
Global
	GlobalSection(SolutionConfigurationPlatforms) = preSolution
		Debug|Any CPU = Debug|Any CPU
		Release|Any CPU = Release|Any CPU
	EndGlobalSection
	GlobalSection(ProjectConfigurationPlatforms) = postSolution
		{1784FB82-8CDC-478C-BEC7-9D3499F98E75}.Debug|Any CPU.ActiveCfg = Debug|Any CPU
		{1784FB82-8CDC-478C-BEC7-9D3499F98E75}.Debug|Any CPU.Build.0 = Debug|Any CPU
		{1784FB82-8CDC-478C-BEC7-9D3499F98E75}.Release|Any CPU.ActiveCfg = Release|Any CPU
		{1784FB82-8CDC-478C-BEC7-9D3499F98E75}.Release|Any CPU.Build.0 = Release|Any CPU
		{24376A10-07A4-4AC4-B866-B115D31D8C2C}.Debug|Any CPU.ActiveCfg = Debug
		{24376A10-07A4-4AC4-B866-B115D31D8C2C}.Release|Any CPU.ActiveCfg = Release
	EndGlobalSection
	GlobalSection(SolutionProperties) = preSolution
		HideSolutionNode = FALSE
	EndGlobalSection
	GlobalSection(ExtensibilityGlobals) = postSolution
		SolutionGuid = {2AB2E182-ED04-466D-94B8-08B96A72113B}
	EndGlobalSection
EndGlobal
